
Microsoft Visual Studio Solution File, Format Version 12.00
# Visual Studio 15
VisualStudioVersion = 15.0.28307.1000
MinimumVisualStudioVersion = 10.0.40219.1
Project("{8BC9CEB8-8B4A-11D0-8D11-00A0C91BC942}") = "Abstract Factory", "Abstract Factory\Abstract Factory.vcxproj", "{DF921B09-1F5F-478F-AE2B-5FD2000DD888}"
EndProject
Global
	GlobalSection(SolutionConfigurationPlatforms) = preSolution
		Debug|x64 = Debug|x64
		Debug|x86 = Debug|x86
		Release|x64 = Release|x64
		Release|x86 = Release|x86
	EndGlobalSection
	GlobalSection(ProjectConfigurationPlatforms) = postSolution
		{DF921B09-1F5F-478F-AE2B-5FD2000DD888}.Debug|x64.ActiveCfg = Debug|x64
		{DF921B09-1F5F-478F-AE2B-5FD2000DD888}.Debug|x64.Build.0 = Debug|x64
		{DF921B09-1F5F-478F-AE2B-5FD2000DD888}.Debug|x86.ActiveCfg = Debug|Win32
		{DF921B09-1F5F-478F-AE2B-5FD2000DD888}.Debug|x86.Build.0 = Debug|Win32
		{DF921B09-1F5F-478F-AE2B-5FD2000DD888}.Release|x64.ActiveCfg = Release|x64
		{DF921B09-1F5F-478F-AE2B-5FD2000DD888}.Release|x64.Build.0 = Release|x64
		{DF921B09-1F5F-478F-AE2B-5FD2000DD888}.Release|x86.ActiveCfg = Release|Win32
		{DF921B09-1F5F-478F-AE2B-5FD2000DD888}.Release|x86.Build.0 = Release|Win32
	EndGlobalSection
	GlobalSection(SolutionProperties) = preSolution
		HideSolutionNode = FALSE
	EndGlobalSection
	GlobalSection(ExtensibilityGlobals) = postSolution
		SolutionGuid = {7E6D9858-4405-4A87-BD42-D088BBE3CCB8}
	EndGlobalSection
EndGlobal
